
Microsoft Visual Studio Solution File, Format Version 12.00
# Visual Studio Version 16
VisualStudioVersion = 16.0.29911.84
MinimumVisualStudioVersion = 10.0.40219.1
Project("{FAE04EC0-301F-11D3-BF4B-00C04F79EFBC}") = "VeterinarioRifeño", "VeterinarioRifeño\VeterinarioRifeño.csproj", "{4148CBA6-AA1A-419F-9CB3-A7A6BB4D5DEF}"
EndProject
Global
	GlobalSection(SolutionConfigurationPlatforms) = preSolution
		Debug|Any CPU = Debug|Any CPU
		Release|Any CPU = Release|Any CPU
	EndGlobalSection
	GlobalSection(ProjectConfigurationPlatforms) = postSolution
		{4148CBA6-AA1A-419F-9CB3-A7A6BB4D5DEF}.Debug|Any CPU.ActiveCfg = Debug|Any CPU
		{4148CBA6-AA1A-419F-9CB3-A7A6BB4D5DEF}.Debug|Any CPU.Build.0 = Debug|Any CPU
		{4148CBA6-AA1A-419F-9CB3-A7A6BB4D5DEF}.Release|Any CPU.ActiveCfg = Release|Any CPU
		{4148CBA6-AA1A-419F-9CB3-A7A6BB4D5DEF}.Release|Any CPU.Build.0 = Release|Any CPU
	EndGlobalSection
	GlobalSection(SolutionProperties) = preSolution
		HideSolutionNode = FALSE
	EndGlobalSection
	GlobalSection(ExtensibilityGlobals) = postSolution
		SolutionGuid = {C2AD6460-50AE-4A02-BF30-498C728EF941}
	EndGlobalSection
EndGlobal
